
Microsoft Visual Studio Solution File, Format Version 12.00
# Visual Studio Version 17
VisualStudioVersion = 17.2.32519.379
MinimumVisualStudioVersion = 10.0.40219.1
Project("{9A19103F-16F7-4668-BE54-9A1E7A4F7556}") = "Take 2 Graphical Pillars", "Take 2 Graphical Pillars.csproj", "{6A3C2ED8-415B-4F9E-A377-8BE0CCAEDF20}"
EndProject
Global
	GlobalSection(SolutionConfigurationPlatforms) = preSolution
		Debug|Any CPU = Debug|Any CPU
		Release|Any CPU = Release|Any CPU
	EndGlobalSection
	GlobalSection(ProjectConfigurationPlatforms) = postSolution
		{6A3C2ED8-415B-4F9E-A377-8BE0CCAEDF20}.Debug|Any CPU.ActiveCfg = Debug|Any CPU
		{6A3C2ED8-415B-4F9E-A377-8BE0CCAEDF20}.Debug|Any CPU.Build.0 = Debug|Any CPU
		{6A3C2ED8-415B-4F9E-A377-8BE0CCAEDF20}.Release|Any CPU.ActiveCfg = Release|Any CPU
		{6A3C2ED8-415B-4F9E-A377-8BE0CCAEDF20}.Release|Any CPU.Build.0 = Release|Any CPU
	EndGlobalSection
	GlobalSection(SolutionProperties) = preSolution
		HideSolutionNode = FALSE
	EndGlobalSection
	GlobalSection(ExtensibilityGlobals) = postSolution
		SolutionGuid = {29167693-EABC-4EC4-9E29-927D8F089189}
	EndGlobalSection
EndGlobal
